
Microsoft Visual Studio Solution File, Format Version 12.00
# Visual Studio Version 17
VisualStudioVersion = 17.6.33829.357
MinimumVisualStudioVersion = 10.0.40219.1
Project("{FAE04EC0-301F-11D3-BF4B-00C04F79EFBC}") = "ExamenFinal_Progra2", "ExamenFinal_Progra2.csproj", "{ED8F9EA6-F272-40D2-9209-7153A061D967}"
EndProject
Global
	GlobalSection(SolutionConfigurationPlatforms) = preSolution
		Debug|Any CPU = Debug|Any CPU
		Release|Any CPU = Release|Any CPU
	EndGlobalSection
	GlobalSection(ProjectConfigurationPlatforms) = postSolution
		{ED8F9EA6-F272-40D2-9209-7153A061D967}.Debug|Any CPU.ActiveCfg = Debug|Any CPU
		{ED8F9EA6-F272-40D2-9209-7153A061D967}.Debug|Any CPU.Build.0 = Debug|Any CPU
		{ED8F9EA6-F272-40D2-9209-7153A061D967}.Release|Any CPU.ActiveCfg = Release|Any CPU
		{ED8F9EA6-F272-40D2-9209-7153A061D967}.Release|Any CPU.Build.0 = Release|Any CPU
	EndGlobalSection
	GlobalSection(SolutionProperties) = preSolution
		HideSolutionNode = FALSE
	EndGlobalSection
	GlobalSection(ExtensibilityGlobals) = postSolution
		SolutionGuid = {82FCFB82-2C7A-4909-94C8-A63D48741935}
	EndGlobalSection
EndGlobal
